
Microsoft Visual Studio Solution File, Format Version 12.00
# Visual Studio Version 17
VisualStudioVersion = 17.0.31903.59
MinimumVisualStudioVersion = 10.0.40219.1
Project("{FAE04EC0-301F-11D3-BF4B-00C04F79EFBC}") = "Inventory.Min.Config.CliApp", "Inventory.Min.Config.CliApp\Inventory.Min.Config.CliApp.csproj", "{90D9F3E7-AA0E-4ED7-8939-3CFBAAE8AEF7}"
EndProject
Project("{FAE04EC0-301F-11D3-BF4B-00C04F79EFBC}") = "Inventory.Min.Data", "Inventory.Min.Data\Inventory.Min.Data.csproj", "{0EDAE23B-BC8A-42D2-AF20-897D1CD5CE79}"
EndProject
Project("{FAE04EC0-301F-11D3-BF4B-00C04F79EFBC}") = "Inventory.Min.Data.Seed.App", "Inventory.Min.Data.Seed.App\Inventory.Min.Data.Seed.App.csproj", "{47D9554C-1B3B-4365-8AFF-55A8495362C0}"
EndProject
Project("{FAE04EC0-301F-11D3-BF4B-00C04F79EFBC}") = "Inventory.Min.Mvc.Web.App", "Inventory.Min.Mvc.Web.App\Inventory.Min.Mvc.Web.App.csproj", "{7ACF3375-5839-4CC6-901A-DCB8CC5AAEB6}"
EndProject
Project("{FAE04EC0-301F-11D3-BF4B-00C04F79EFBC}") = "Inventory.Min.Api", "Inventory.Min.Api\Inventory.Min.Api.csproj", "{C79B57A4-ACE2-404A-A521-5DB3623673AA}"
EndProject
Project("{FAE04EC0-301F-11D3-BF4B-00C04F79EFBC}") = "Inventory.Min.Cli.App", "Inventory.Min.Cli.App\Inventory.Min.Cli.App.csproj", "{74617487-A9D5-44DC-A368-5A3F46B01452}"
EndProject
Project("{FAE04EC0-301F-11D3-BF4B-00C04F79EFBC}") = "Inventory.Min.Cli.App.TestApi", "Inventory.Min.Cli.App.TestApi\Inventory.Min.Cli.App.TestApi.csproj", "{D7205546-3242-4E5B-A033-51F1FF784E03}"
EndProject
Project("{FAE04EC0-301F-11D3-BF4B-00C04F79EFBC}") = "Inventory.Min.Cli.App.Tests", "Inventory.Min.Cli.App.Tests\Inventory.Min.Cli.App.Tests.csproj", "{75D78BC6-68F1-4651-8EB3-96DE695E1EFF}"
EndProject
Project("{FAE04EC0-301F-11D3-BF4B-00C04F79EFBC}") = "Inventory.Min.Lib", "Inventory.Min.Lib\Inventory.Min.Lib.csproj", "{7BC4AC12-7225-44A3-AA05-8B9482027723}"
EndProject
Project("{FAE04EC0-301F-11D3-BF4B-00C04F79EFBC}") = "Inventory.Min.Table", "Inventory.Min.Table\Inventory.Min.Table.csproj", "{130AA2C9-B954-4DBB-911A-643E39A3C86A}"
EndProject
Global
	GlobalSection(SolutionConfigurationPlatforms) = preSolution
		Debug|Any CPU = Debug|Any CPU
		Release|Any CPU = Release|Any CPU
	EndGlobalSection
	GlobalSection(SolutionProperties) = preSolution
		HideSolutionNode = FALSE
	EndGlobalSection
	GlobalSection(ProjectConfigurationPlatforms) = postSolution
		{90D9F3E7-AA0E-4ED7-8939-3CFBAAE8AEF7}.Debug|Any CPU.ActiveCfg = Debug|Any CPU
		{90D9F3E7-AA0E-4ED7-8939-3CFBAAE8AEF7}.Debug|Any CPU.Build.0 = Debug|Any CPU
		{90D9F3E7-AA0E-4ED7-8939-3CFBAAE8AEF7}.Release|Any CPU.ActiveCfg = Release|Any CPU
		{90D9F3E7-AA0E-4ED7-8939-3CFBAAE8AEF7}.Release|Any CPU.Build.0 = Release|Any CPU
		{0EDAE23B-BC8A-42D2-AF20-897D1CD5CE79}.Debug|Any CPU.ActiveCfg = Debug|Any CPU
		{0EDAE23B-BC8A-42D2-AF20-897D1CD5CE79}.Debug|Any CPU.Build.0 = Debug|Any CPU
		{0EDAE23B-BC8A-42D2-AF20-897D1CD5CE79}.Release|Any CPU.ActiveCfg = Release|Any CPU
		{0EDAE23B-BC8A-42D2-AF20-897D1CD5CE79}.Release|Any CPU.Build.0 = Release|Any CPU
		{47D9554C-1B3B-4365-8AFF-55A8495362C0}.Debug|Any CPU.ActiveCfg = Debug|Any CPU
		{47D9554C-1B3B-4365-8AFF-55A8495362C0}.Debug|Any CPU.Build.0 = Debug|Any CPU
		{47D9554C-1B3B-4365-8AFF-55A8495362C0}.Release|Any CPU.ActiveCfg = Release|Any CPU
		{47D9554C-1B3B-4365-8AFF-55A8495362C0}.Release|Any CPU.Build.0 = Release|Any CPU
		{7ACF3375-5839-4CC6-901A-DCB8CC5AAEB6}.Debug|Any CPU.ActiveCfg = Debug|Any CPU
		{7ACF3375-5839-4CC6-901A-DCB8CC5AAEB6}.Debug|Any CPU.Build.0 = Debug|Any CPU
		{7ACF3375-5839-4CC6-901A-DCB8CC5AAEB6}.Release|Any CPU.ActiveCfg = Release|Any CPU
		{7ACF3375-5839-4CC6-901A-DCB8CC5AAEB6}.Release|Any CPU.Build.0 = Release|Any CPU
		{C79B57A4-ACE2-404A-A521-5DB3623673AA}.Debug|Any CPU.ActiveCfg = Debug|Any CPU
		{C79B57A4-ACE2-404A-A521-5DB3623673AA}.Debug|Any CPU.Build.0 = Debug|Any CPU
		{C79B57A4-ACE2-404A-A521-5DB3623673AA}.Release|Any CPU.ActiveCfg = Release|Any CPU
		{C79B57A4-ACE2-404A-A521-5DB3623673AA}.Release|Any CPU.Build.0 = Release|Any CPU
		{74617487-A9D5-44DC-A368-5A3F46B01452}.Debug|Any CPU.ActiveCfg = Debug|Any CPU
		{74617487-A9D5-44DC-A368-5A3F46B01452}.Debug|Any CPU.Build.0 = Debug|Any CPU
		{74617487-A9D5-44DC-A368-5A3F46B01452}.Release|Any CPU.ActiveCfg = Release|Any CPU
		{74617487-A9D5-44DC-A368-5A3F46B01452}.Release|Any CPU.Build.0 = Release|Any CPU
		{D7205546-3242-4E5B-A033-51F1FF784E03}.Debug|Any CPU.ActiveCfg = Debug|Any CPU
		{D7205546-3242-4E5B-A033-51F1FF784E03}.Debug|Any CPU.Build.0 = Debug|Any CPU
		{D7205546-3242-4E5B-A033-51F1FF784E03}.Release|Any CPU.ActiveCfg = Release|Any CPU
		{D7205546-3242-4E5B-A033-51F1FF784E03}.Release|Any CPU.Build.0 = Release|Any CPU
		{75D78BC6-68F1-4651-8EB3-96DE695E1EFF}.Debug|Any CPU.ActiveCfg = Debug|Any CPU
		{75D78BC6-68F1-4651-8EB3-96DE695E1EFF}.Debug|Any CPU.Build.0 = Debug|Any CPU
		{75D78BC6-68F1-4651-8EB3-96DE695E1EFF}.Release|Any CPU.ActiveCfg = Release|Any CPU
		{75D78BC6-68F1-4651-8EB3-96DE695E1EFF}.Release|Any CPU.Build.0 = Release|Any CPU
		{7BC4AC12-7225-44A3-AA05-8B9482027723}.Debug|Any CPU.ActiveCfg = Debug|Any CPU
		{7BC4AC12-7225-44A3-AA05-8B9482027723}.Debug|Any CPU.Build.0 = Debug|Any CPU
		{7BC4AC12-7225-44A3-AA05-8B9482027723}.Release|Any CPU.ActiveCfg = Release|Any CPU
		{7BC4AC12-7225-44A3-AA05-8B9482027723}.Release|Any CPU.Build.0 = Release|Any CPU
		{130AA2C9-B954-4DBB-911A-643E39A3C86A}.Debug|Any CPU.ActiveCfg = Debug|Any CPU
		{130AA2C9-B954-4DBB-911A-643E39A3C86A}.Debug|Any CPU.Build.0 = Debug|Any CPU
		{130AA2C9-B954-4DBB-911A-643E39A3C86A}.Release|Any CPU.ActiveCfg = Release|Any CPU
		{130AA2C9-B954-4DBB-911A-643E39A3C86A}.Release|Any CPU.Build.0 = Release|Any CPU
	EndGlobalSection
EndGlobal
